{
  "version": 4,
  "terraform_version": "1.2.3",
  "serial": 5,
  "lineage": "ace95b38-39e2-14ee-0028-8e461b73ef3c",
  "outputs": {},
  "resources": [
    {
      "mode": "managed",
      "type": "aws_iam_user",
      "name": "my_iam_user",
      "provider": "provider[\"registry.terraform.io/hashicorp/aws\"]",
      "instances": [
        {
          "schema_version": 0,
          "attributes": {
            "arn": "arn:aws:iam::772885301645:user/prathap",
            "force_destroy": false,
            "id": "prathap",
            "name": "prathap",
            "path": "/",
            "permissions_boundary": null,
            "tags": {},
            "tags_all": {},
            "unique_id": "AIDA3H44NZGG5IIEO3UY2"
          },
          "sensitive_attributes": [],
          "private": "bnVsbA=="
        }
      ]
    }
  ]
}
